
Microsoft Visual Studio Solution File, Format Version 12.00
# Visual Studio Version 16
VisualStudioVersion = 16.0.30225.117
MinimumVisualStudioVersion = 10.0.40219.1
Project("{9A19103F-16F7-4668-BE54-9A1E7A4F7556}") = "RocketFreeMarketAPI", "RocketFreeMarketAPI.csproj", "{D7265488-31F4-4090-8571-0E992065E582}"
EndProject
Project("{9A19103F-16F7-4668-BE54-9A1E7A4F7556}") = "Entities", "..\Entities\Entities.csproj", "{8C132436-7C20-4D5D-A926-6A34F9001C2B}"
EndProject
Project("{FAE04EC0-301F-11D3-BF4B-00C04F79EFBC}") = "DataAccessLayer", "..\DataAccessLayer\DataAccessLayer.csproj", "{06934B04-2779-4497-965E-74FF15CA73B5}"
EndProject
Global
	GlobalSection(SolutionConfigurationPlatforms) = preSolution
		Debug|Any CPU = Debug|Any CPU
		Release|Any CPU = Release|Any CPU
	EndGlobalSection
	GlobalSection(ProjectConfigurationPlatforms) = postSolution
		{D7265488-31F4-4090-8571-0E992065E582}.Debug|Any CPU.ActiveCfg = Debug|Any CPU
		{D7265488-31F4-4090-8571-0E992065E582}.Debug|Any CPU.Build.0 = Debug|Any CPU
		{D7265488-31F4-4090-8571-0E992065E582}.Release|Any CPU.ActiveCfg = Release|Any CPU
		{D7265488-31F4-4090-8571-0E992065E582}.Release|Any CPU.Build.0 = Release|Any CPU
		{8C132436-7C20-4D5D-A926-6A34F9001C2B}.Debug|Any CPU.ActiveCfg = Debug|Any CPU
		{8C132436-7C20-4D5D-A926-6A34F9001C2B}.Debug|Any CPU.Build.0 = Debug|Any CPU
		{8C132436-7C20-4D5D-A926-6A34F9001C2B}.Release|Any CPU.ActiveCfg = Release|Any CPU
		{8C132436-7C20-4D5D-A926-6A34F9001C2B}.Release|Any CPU.Build.0 = Release|Any CPU
		{06934B04-2779-4497-965E-74FF15CA73B5}.Debug|Any CPU.ActiveCfg = Debug|Any CPU
		{06934B04-2779-4497-965E-74FF15CA73B5}.Debug|Any CPU.Build.0 = Debug|Any CPU
		{06934B04-2779-4497-965E-74FF15CA73B5}.Release|Any CPU.ActiveCfg = Release|Any CPU
		{06934B04-2779-4497-965E-74FF15CA73B5}.Release|Any CPU.Build.0 = Release|Any CPU
	EndGlobalSection
	GlobalSection(SolutionProperties) = preSolution
		HideSolutionNode = FALSE
	EndGlobalSection
	GlobalSection(ExtensibilityGlobals) = postSolution
		SolutionGuid = {F57298C3-9DE7-4000-9EFA-3A2483D4E769}
	EndGlobalSection
EndGlobal
